PODS:
  - Flutter (1.0.0)
  - integration_test (0.0.1):
    - Flutter
  - OloDigitalWalletsSDK (1.0.0)
  - pay_digitalwallets_sdk_ios (1.0.0):
    - Flutter
    - OloDigitalWalletsSDK (= 1.0.0)

DEPENDENCIES:
  - Flutter (from `Flutter`)
  - integration_test (from `.symlinks/plugins/integration_test/ios`)
  - pay_digitalwallets_sdk_ios (from `.symlinks/plugins/pay_digitalwallets_sdk_ios/ios`)

SPEC REPOS:
  https://github.com/ololabs/podspecs.git:
    - OloDigitalWalletsSDK

EXTERNAL SOURCES:
  Flutter:
    :path: Flutter
  integration_test:
    :path: ".symlinks/plugins/integration_test/ios"
  pay_digitalwallets_sdk_ios:
    :path: ".symlinks/plugins/pay_digitalwallets_sdk_ios/ios"

SPEC CHECKSUMS:
  Flutter: e0871f40cf51350855a761d2e70bf5af5b9b5de7
  integration_test: 4a889634ef21a45d28d50d622cf412dc6d9f586e
  OloDigitalWalletsSDK: 4a4ddfb43f0e7569b805a1a4c017a2b339540beb
  pay_digitalwallets_sdk_ios: 54613b03613c9418b3779bdef6e9f4fd0e4dcb86

PODFILE CHECKSUM: 766d7b6f1ac25e6aaae9f01793c51eb22d0dc27b

COCOAPODS: 1.16.2
